// !$*UTF8*$!
{
	archiveVersion = 1;
	classes = {
	};
	objectVersion = 50;
	objects = {

/* Begin PBXBuildFile section */
		7555FF7F242A565900829871 /* AppDelegate.swift in Sources */ = {isa = PBXBuildFile; fileRef = 7555FF7E242A565900829871 /* AppDelegate.swift */; };
		7555FF81242A565900829871 /* SceneDelegate.swift in Sources */ = {isa = PBXBuildFile; fileRef = 7555FF80242A565900829871 /* SceneDelegate.swift */; };
		7555FF85242A565B00829871 /* Assets.xcassets in Resources */ = {isa = PBXBuildFile; fileRef = 7555FF84242A565B00829871 /* Assets.xcassets */; };
		7555FF8B242A565B00829871 /* LaunchScreen.storyboard in Resources */ = {isa = PBXBuildFile; fileRef = 7555FF89242A565B00829871 /* LaunchScreen.storyboard */; };
		7555FFB2242A642300829871 /* shared.framework in Frameworks */ = {isa = PBXBuildFile; fileRef = 7555FFB1242A642300829871 /* shared.framework */; };
		7555FFB3242A642300829871 /* shared.framework in Embed Frameworks */ = {isa = PBXBuildFile; fileRef = 7555FFB1242A642300829871 /* shared.framework */; settings = {ATTRIBUTES = (CodeSignOnCopy, RemoveHeadersOnCopy, ); }; };
		E519C5B8261B0B4E00B06468 /* Main.storyboard in Resources */ = {isa = PBXBuildFile; fileRef = E519C5B7261B0B4E00B06468 /* Main.storyboard */; };
		E519C5BC261B109100B06468 /* IosGeneralScreenNavigator.swift in Sources */ = {isa = PBXBuildFile; fileRef = E519C5BB261B109100B06468 /* IosGeneralScreenNavigator.swift */; };
		E519C5C1261B119600B06468 /* SplashViewController.swift in Sources */ = {isa = PBXBuildFile; fileRef = E519C5C0261B119600B06468 /* SplashViewController.swift */; };
		E519C5C3261B155400B06468 /* AuthViewController.swift in Sources */ = {isa = PBXBuildFile; fileRef = E519C5C2261B155400B06468 /* AuthViewController.swift */; };
		E519C5C5261B156200B06468 /* MainViewController.swift in Sources */ = {isa = PBXBuildFile; fileRef = E519C5C4261B156200B06468 /* MainViewController.swift */; };
		E519C5CD261B9F7700B06468 /* UIProgressViewExtension.swift in Sources */ = {isa = PBXBuildFile; fileRef = E519C5CC261B9F7700B06468 /* UIProgressViewExtension.swift */; };
		E546B0092625C4D40050CF94 /* IosHtmlParser.swift in Sources */ = {isa = PBXBuildFile; fileRef = E546B0082625C4D40050CF94 /* IosHtmlParser.swift */; };
		E56C7F7C261F2CC300E69720 /* ProfileViewController.swift in Sources */ = {isa = PBXBuildFile; fileRef = E56C7F7B261F2CC300E69720 /* ProfileViewController.swift */; };
		E56C7F7E261F2CE200E69720 /* FavouriteTracksViewController.swift in Sources */ = {isa = PBXBuildFile; fileRef = E56C7F7D261F2CE200E69720 /* FavouriteTracksViewController.swift */; };
		E56C7F80261F2CFC00E69720 /* FavouriteAlbumsViewController.swift in Sources */ = {isa = PBXBuildFile; fileRef = E56C7F7F261F2CFC00E69720 /* FavouriteAlbumsViewController.swift */; };
		E56C7F82261F2D0F00E69720 /* FavouriteArtistsViewController.swift in Sources */ = {isa = PBXBuildFile; fileRef = E56C7F81261F2D0F00E69720 /* FavouriteArtistsViewController.swift */; };
		E56C7F84261F2D1C00E69720 /* ScrobblesViewController.swift in Sources */ = {isa = PBXBuildFile; fileRef = E56C7F83261F2D1C00E69720 /* ScrobblesViewController.swift */; };
		E56C7F88261F379100E69720 /* ScrobbleTrackViewCell.swift in Sources */ = {isa = PBXBuildFile; fileRef = E56C7F86261F379100E69720 /* ScrobbleTrackViewCell.swift */; };
		E56C7F89261F379100E69720 /* ScrobbleTrackViewCell.xib in Resources */ = {isa = PBXBuildFile; fileRef = E56C7F87261F379100E69720 /* ScrobbleTrackViewCell.xib */; };
		E56C7F8B261F591600E69720 /* UIImageViewExtension.swift in Sources */ = {isa = PBXBuildFile; fileRef = E56C7F8A261F591600E69720 /* UIImageViewExtension.swift */; };
		E57EAA992626FBEB00FC56B7 /* BaseViewController.swift in Sources */ = {isa = PBXBuildFile; fileRef = E57EAA982626FBEB00FC56B7 /* BaseViewController.swift */; };
		E5C6B03326242A1300483108 /* TimeStampHelper.swift in Sources */ = {isa = PBXBuildFile; fileRef = E5C6B03226242A1300483108 /* TimeStampHelper.swift */; };
		E5E8857C26205AEF000F2D6E /* EmptyFieldViewCell.swift in Sources */ = {isa = PBXBuildFile; fileRef = E5E8857A26205AEF000F2D6E /* EmptyFieldViewCell.swift */; };
		E5E8857D26205AEF000F2D6E /* EmptyFieldViewCell.xib in Resources */ = {isa = PBXBuildFile; fileRef = E5E8857B26205AEF000F2D6E /* EmptyFieldViewCell.xib */; };
		E5E8858126206CE5000F2D6E /* FavouriteTrackViewCell.swift in Sources */ = {isa = PBXBuildFile; fileRef = E5E8857F26206CE5000F2D6E /* FavouriteTrackViewCell.swift */; };
		E5E8858226206CE5000F2D6E /* FavouriteTrackViewCell.xib in Resources */ = {isa = PBXBuildFile; fileRef = E5E8858026206CE5000F2D6E /* FavouriteTrackViewCell.xib */; };
		E5E885862620991F000F2D6E /* FavouriteAlbumViewCell.swift in Sources */ = {isa = PBXBuildFile; fileRef = E5E885842620991F000F2D6E /* FavouriteAlbumViewCell.swift */; };
		E5E885872620991F000F2D6E /* FavouriteAlbumViewCell.xib in Resources */ = {isa = PBXBuildFile; fileRef = E5E885852620991F000F2D6E /* FavouriteAlbumViewCell.xib */; };
		E5E8858A2620A685000F2D6E /* EmptyFieldCollectionViewCell.swift in Sources */ = {isa = PBXBuildFile; fileRef = E5E885882620A685000F2D6E /* EmptyFieldCollectionViewCell.swift */; };
		E5E8858B2620A685000F2D6E /* EmptyFieldCollectionViewCell.xib in Resources */ = {isa = PBXBuildFile; fileRef = E5E885892620A685000F2D6E /* EmptyFieldCollectionViewCell.xib */; };
		E5E8858F2620AB78000F2D6E /* FavouriteArtistViewCell.swift in Sources */ = {isa = PBXBuildFile; fileRef = E5E8858D2620AB78000F2D6E /* FavouriteArtistViewCell.swift */; };
		E5E885902620AB78000F2D6E /* FavouriteArtistViewCell.xib in Resources */ = {isa = PBXBuildFile; fileRef = E5E8858E2620AB78000F2D6E /* FavouriteArtistViewCell.xib */; };
		E5F9CF3D26236FE6001BFD2A /* MainTabBarViewController.swift in Sources */ = {isa = PBXBuildFile; fileRef = E5F9CF3C26236FE6001BFD2A /* MainTabBarViewController.swift */; };
		E5F9CF3F26238ED0001BFD2A /* UITabBarListener.swift in Sources */ = {isa = PBXBuildFile; fileRef = E5F9CF3E26238ED0001BFD2A /* UITabBarListener.swift */; };
		E5F9CF4126238F3A001BFD2A /* UITabBarDelegate.swift in Sources */ = {isa = PBXBuildFile; fileRef = E5F9CF4026238F3A001BFD2A /* UITabBarDelegate.swift */; };
		E5F9CF43262396C7001BFD2A /* UIColorExtension.swift in Sources */ = {isa = PBXBuildFile; fileRef = E5F9CF42262396C7001BFD2A /* UIColorExtension.swift */; };
/* End PBXBuildFile section */

/* Begin PBXCopyFilesBuildPhase section */
		7555FFB4242A642300829871 /* Embed Frameworks */ = {
			isa = PBXCopyFilesBuildPhase;
			buildActionMask = 2147483647;
			dstPath = "";
			dstSubfolderSpec = 10;
			files = (
				7555FFB3242A642300829871 /* shared.framework in Embed Frameworks */,
			);
			name = "Embed Frameworks";
			runOnlyForDeploymentPostprocessing = 0;
		};
/* End PBXCopyFilesBuildPhase section */

/* Begin PBXFileReference section */
		7555FF7B242A565900829871 /* iosApp.app */ = {isa = PBXFileReference; explicitFileType = wrapper.application; includeInIndex = 0; path = iosApp.app; sourceTree = BUILT_PRODUCTS_DIR; };
		7555FF7E242A565900829871 /* AppDelegate.swift */ = {isa = PBXFileReference; lastKnownFileType = sourcecode.swift; path = AppDelegate.swift; sourceTree = "<group>"; };
		7555FF80242A565900829871 /* SceneDelegate.swift */ = {isa = PBXFileReference; lastKnownFileType = sourcecode.swift; path = SceneDelegate.swift; sourceTree = "<group>"; };
		7555FF84242A565B00829871 /* Assets.xcassets */ = {isa = PBXFileReference; lastKnownFileType = folder.assetcatalog; path = Assets.xcassets; sourceTree = "<group>"; };
		7555FF8A242A565B00829871 /* Base */ = {isa = PBXFileReference; lastKnownFileType = file.storyboard; name = Base; path = Base.lproj/LaunchScreen.storyboard; sourceTree = "<group>"; };
		7555FF8C242A565B00829871 /* Info.plist */ = {isa = PBXFileReference; lastKnownFileType = text.plist.xml; path = Info.plist; sourceTree = "<group>"; };
		7555FFB1242A642300829871 /* shared.framework */ = {isa = PBXFileReference; lastKnownFileType = wrapper.framework; name = shared.framework; path = "../shared/build/xcode-frameworks/shared.framework"; sourceTree = "<group>"; };
		E519C5B7261B0B4E00B06468 /* Main.storyboard */ = {isa = PBXFileReference; lastKnownFileType = file.storyboard; path = Main.storyboard; sourceTree = "<group>"; };
		E519C5BB261B109100B06468 /* IosGeneralScreenNavigator.swift */ = {isa = PBXFileReference; lastKnownFileType = sourcecode.swift; path = IosGeneralScreenNavigator.swift; sourceTree = "<group>"; };
		E519C5C0261B119600B06468 /* SplashViewController.swift */ = {isa = PBXFileReference; lastKnownFileType = sourcecode.swift; path = SplashViewController.swift; sourceTree = "<group>"; };
		E519C5C2261B155400B06468 /* AuthViewController.swift */ = {isa = PBXFileReference; lastKnownFileType = sourcecode.swift; path = AuthViewController.swift; sourceTree = "<group>"; };
		E519C5C4261B156200B06468 /* MainViewController.swift */ = {isa = PBXFileReference; lastKnownFileType = sourcecode.swift; path = MainViewController.swift; sourceTree = "<group>"; };
		E519C5CC261B9F7700B06468 /* UIProgressViewExtension.swift */ = {isa = PBXFileReference; lastKnownFileType = sourcecode.swift; path = UIProgressViewExtension.swift; sourceTree = "<group>"; };
		E546B0082625C4D40050CF94 /* IosHtmlParser.swift */ = {isa = PBXFileReference; lastKnownFileType = sourcecode.swift; path = IosHtmlParser.swift; sourceTree = "<group>"; };
		E56C7F7B261F2CC300E69720 /* ProfileViewController.swift */ = {isa = PBXFileReference; lastKnownFileType = sourcecode.swift; path = ProfileViewController.swift; sourceTree = "<group>"; };
		E56C7F7D261F2CE200E69720 /* FavouriteTracksViewController.swift */ = {isa = PBXFileReference; lastKnownFileType = sourcecode.swift; path = FavouriteTracksViewController.swift; sourceTree = "<group>"; };
		E56C7F7F261F2CFC00E69720 /* FavouriteAlbumsViewController.swift */ = {isa = PBXFileReference; lastKnownFileType = sourcecode.swift; path = FavouriteAlbumsViewController.swift; sourceTree = "<group>"; };
		E56C7F81261F2D0F00E69720 /* FavouriteArtistsViewController.swift */ = {isa = PBXFileReference; lastKnownFileType = sourcecode.swift; path = FavouriteArtistsViewController.swift; sourceTree = "<group>"; };
		E56C7F83261F2D1C00E69720 /* ScrobblesViewController.swift */ = {isa = PBXFileReference; lastKnownFileType = sourcecode.swift; path = ScrobblesViewController.swift; sourceTree = "<group>"; };
		E56C7F86261F379100E69720 /* ScrobbleTrackViewCell.swift */ = {isa = PBXFileReference; lastKnownFileType = sourcecode.swift; path = ScrobbleTrackViewCell.swift; sourceTree = "<group>"; };
		E56C7F87261F379100E69720 /* ScrobbleTrackViewCell.xib */ = {isa = PBXFileReference; lastKnownFileType = file.xib; path = ScrobbleTrackViewCell.xib; sourceTree = "<group>"; };
		E56C7F8A261F591600E69720 /* UIImageViewExtension.swift */ = {isa = PBXFileReference; lastKnownFileType = sourcecode.swift; path = UIImageViewExtension.swift; sourceTree = "<group>"; };
		E57EAA982626FBEB00FC56B7 /* BaseViewController.swift */ = {isa = PBXFileReference; lastKnownFileType = sourcecode.swift; path = BaseViewController.swift; sourceTree = "<group>"; };
		E5C6B03226242A1300483108 /* TimeStampHelper.swift */ = {isa = PBXFileReference; lastKnownFileType = sourcecode.swift; path = TimeStampHelper.swift; sourceTree = "<group>"; };
		E5E8857A26205AEF000F2D6E /* EmptyFieldViewCell.swift */ = {isa = PBXFileReference; lastKnownFileType = sourcecode.swift; path = EmptyFieldViewCell.swift; sourceTree = "<group>"; };
		E5E8857B26205AEF000F2D6E /* EmptyFieldViewCell.xib */ = {isa = PBXFileReference; lastKnownFileType = file.xib; path = EmptyFieldViewCell.xib; sourceTree = "<group>"; };
		E5E8857F26206CE5000F2D6E /* FavouriteTrackViewCell.swift */ = {isa = PBXFileReference; lastKnownFileType = sourcecode.swift; path = FavouriteTrackViewCell.swift; sourceTree = "<group>"; };
		E5E8858026206CE5000F2D6E /* FavouriteTrackViewCell.xib */ = {isa = PBXFileReference; lastKnownFileType = file.xib; path = FavouriteTrackViewCell.xib; sourceTree = "<group>"; };
		E5E885842620991F000F2D6E /* FavouriteAlbumViewCell.swift */ = {isa = PBXFileReference; lastKnownFileType = sourcecode.swift; path = FavouriteAlbumViewCell.swift; sourceTree = "<group>"; };
		E5E885852620991F000F2D6E /* FavouriteAlbumViewCell.xib */ = {isa = PBXFileReference; lastKnownFileType = file.xib; path = FavouriteAlbumViewCell.xib; sourceTree = "<group>"; };
		E5E885882620A685000F2D6E /* EmptyFieldCollectionViewCell.swift */ = {isa = PBXFileReference; lastKnownFileType = sourcecode.swift; path = EmptyFieldCollectionViewCell.swift; sourceTree = "<group>"; };
		E5E885892620A685000F2D6E /* EmptyFieldCollectionViewCell.xib */ = {isa = PBXFileReference; lastKnownFileType = file.xib; path = EmptyFieldCollectionViewCell.xib; sourceTree = "<group>"; };
		E5E8858D2620AB78000F2D6E /* FavouriteArtistViewCell.swift */ = {isa = PBXFileReference; lastKnownFileType = sourcecode.swift; path = FavouriteArtistViewCell.swift; sourceTree = "<group>"; };
		E5E8858E2620AB78000F2D6E /* FavouriteArtistViewCell.xib */ = {isa = PBXFileReference; lastKnownFileType = file.xib; path = FavouriteArtistViewCell.xib; sourceTree = "<group>"; };
		E5F9CF3C26236FE6001BFD2A /* MainTabBarViewController.swift */ = {isa = PBXFileReference; lastKnownFileType = sourcecode.swift; path = MainTabBarViewController.swift; sourceTree = "<group>"; };
		E5F9CF3E26238ED0001BFD2A /* UITabBarListener.swift */ = {isa = PBXFileReference; lastKnownFileType = sourcecode.swift; path = UITabBarListener.swift; sourceTree = "<group>"; };
		E5F9CF4026238F3A001BFD2A /* UITabBarDelegate.swift */ = {isa = PBXFileReference; lastKnownFileType = sourcecode.swift; path = UITabBarDelegate.swift; sourceTree = "<group>"; };
		E5F9CF42262396C7001BFD2A /* UIColorExtension.swift */ = {isa = PBXFileReference; lastKnownFileType = sourcecode.swift; path = UIColorExtension.swift; sourceTree = "<group>"; };
/* End PBXFileReference section */

/* Begin PBXFrameworksBuildPhase section */
		7555FF78242A565900829871 /* Frameworks */ = {
			isa = PBXFrameworksBuildPhase;
			buildActionMask = 2147483647;
			files = (
				7555FFB2242A642300829871 /* shared.framework in Frameworks */,
			);
			runOnlyForDeploymentPostprocessing = 0;
		};
/* End PBXFrameworksBuildPhase section */

/* Begin PBXGroup section */
		7555FF72242A565900829871 = {
			isa = PBXGroup;
			children = (
				7555FF7D242A565900829871 /* iosApp */,
				7555FF7C242A565900829871 /* Products */,
				7555FFB0242A642200829871 /* Frameworks */,
			);
			sourceTree = "<group>";
		};
		7555FF7C242A565900829871 /* Products */ = {
			isa = PBXGroup;
			children = (
				7555FF7B242A565900829871 /* iosApp.app */,
			);
			name = Products;
			sourceTree = "<group>";
		};
		7555FF7D242A565900829871 /* iosApp */ = {
			isa = PBXGroup;
			children = (
				E5C6B031262429FE00483108 /* helpers */,
				E519C5CB261B9F5C00B06468 /* customviews */,
				E519C5BA261B106A00B06468 /* navigator */,
				E519C5B9261B105F00B06468 /* presentation */,
				7555FF7E242A565900829871 /* AppDelegate.swift */,
				7555FF80242A565900829871 /* SceneDelegate.swift */,
				7555FF84242A565B00829871 /* Assets.xcassets */,
				7555FF89242A565B00829871 /* LaunchScreen.storyboard */,
				7555FF8C242A565B00829871 /* Info.plist */,
				E519C5B7261B0B4E00B06468 /* Main.storyboard */,
			);
			path = iosApp;
			sourceTree = "<group>";
		};
		7555FFB0242A642200829871 /* Frameworks */ = {
			isa = PBXGroup;
			children = (
				7555FFB1242A642300829871 /* shared.framework */,
			);
			name = Frameworks;
			sourceTree = "<group>";
		};
		E519C5B9261B105F00B06468 /* presentation */ = {
			isa = PBXGroup;
			children = (
				E57EAA9A2627109000FC56B7 /* artist */,
				E519C5BF261B116600B06468 /* main */,
				E519C5BE261B115A00B06468 /* auth */,
				E519C5BD261B115400B06468 /* splash */,
				E57EAA982626FBEB00FC56B7 /* BaseViewController.swift */,
			);
			path = presentation;
			sourceTree = "<group>";
		};
		E519C5BA261B106A00B06468 /* navigator */ = {
			isa = PBXGroup;
			children = (
				E519C5BB261B109100B06468 /* IosGeneralScreenNavigator.swift */,
			);
			path = navigator;
			sourceTree = "<group>";
		};
		E519C5BD261B115400B06468 /* splash */ = {
			isa = PBXGroup;
			children = (
				E519C5C0261B119600B06468 /* SplashViewController.swift */,
			);
			path = splash;
			sourceTree = "<group>";
		};
		E519C5BE261B115A00B06468 /* auth */ = {
			isa = PBXGroup;
			children = (
				E519C5C2261B155400B06468 /* AuthViewController.swift */,
			);
			path = auth;
			sourceTree = "<group>";
		};
		E519C5BF261B116600B06468 /* main */ = {
			isa = PBXGroup;
			children = (
				E5D971F7261CA6BE0010EBC6 /* profile */,
				E5D971F6261CA6B80010EBC6 /* tracks */,
				E5D971F5261CA6AD0010EBC6 /* albums */,
				E5D971F4261CA6A40010EBC6 /* artists */,
				E5D971F3261CA69C0010EBC6 /* scrobbles */,
				E519C5C4261B156200B06468 /* MainViewController.swift */,
				E5F9CF3C26236FE6001BFD2A /* MainTabBarViewController.swift */,
				E5F9CF3E26238ED0001BFD2A /* UITabBarListener.swift */,
				E5F9CF4026238F3A001BFD2A /* UITabBarDelegate.swift */,
			);
			path = main;
			sourceTree = "<group>";
		};
		E519C5CB261B9F5C00B06468 /* customviews */ = {
			isa = PBXGroup;
			children = (
				E519C5CC261B9F7700B06468 /* UIProgressViewExtension.swift */,
				E56C7F8A261F591600E69720 /* UIImageViewExtension.swift */,
				E5F9CF42262396C7001BFD2A /* UIColorExtension.swift */,
			);
			path = customviews;
			sourceTree = "<group>";
		};
		E56C7F85261F350B00E69720 /* cells */ = {
			isa = PBXGroup;
			children = (
				E56C7F86261F379100E69720 /* ScrobbleTrackViewCell.swift */,
				E56C7F87261F379100E69720 /* ScrobbleTrackViewCell.xib */,
				E5E8857A26205AEF000F2D6E /* EmptyFieldViewCell.swift */,
				E5E8857B26205AEF000F2D6E /* EmptyFieldViewCell.xib */,
			);
			path = cells;
			sourceTree = "<group>";
		};
		E57EAA9A2627109000FC56B7 /* artist */ = {
			isa = PBXGroup;
			children = (
			);
			path = artist;
			sourceTree = "<group>";
		};
		E5C6B031262429FE00483108 /* helpers */ = {
			isa = PBXGroup;
			children = (
				E5C6B03226242A1300483108 /* TimeStampHelper.swift */,
				E546B0082625C4D40050CF94 /* IosHtmlParser.swift */,
			);
			path = helpers;
			sourceTree = "<group>";
		};
		E5D971F3261CA69C0010EBC6 /* scrobbles */ = {
			isa = PBXGroup;
			children = (
				E56C7F85261F350B00E69720 /* cells */,
				E56C7F83261F2D1C00E69720 /* ScrobblesViewController.swift */,
			);
			path = scrobbles;
			sourceTree = "<group>";
		};
		E5D971F4261CA6A40010EBC6 /* artists */ = {
			isa = PBXGroup;
			children = (
				E5E8858C2620AAB6000F2D6E /* cells */,
				E56C7F81261F2D0F00E69720 /* FavouriteArtistsViewController.swift */,
			);
			path = artists;
			sourceTree = "<group>";
		};
		E5D971F5261CA6AD0010EBC6 /* albums */ = {
			isa = PBXGroup;
			children = (
				E5E88583262098F6000F2D6E /* cells */,
				E56C7F7F261F2CFC00E69720 /* FavouriteAlbumsViewController.swift */,
			);
			path = albums;
			sourceTree = "<group>";
		};
		E5D971F6261CA6B80010EBC6 /* tracks */ = {
			isa = PBXGroup;
			children = (
				E5E8857E26206CCA000F2D6E /* cells */,
				E56C7F7D261F2CE200E69720 /* FavouriteTracksViewController.swift */,
			);
			path = tracks;
			sourceTree = "<group>";
		};
		E5D971F7261CA6BE0010EBC6 /* profile */ = {
			isa = PBXGroup;
			children = (
				E56C7F7B261F2CC300E69720 /* ProfileViewController.swift */,
			);
			path = profile;
			sourceTree = "<group>";
		};
		E5E8857E26206CCA000F2D6E /* cells */ = {
			isa = PBXGroup;
			children = (
				E5E8857F26206CE5000F2D6E /* FavouriteTrackViewCell.swift */,
				E5E8858026206CE5000F2D6E /* FavouriteTrackViewCell.xib */,
			);
			path = cells;
			sourceTree = "<group>";
		};
		E5E88583262098F6000F2D6E /* cells */ = {
			isa = PBXGroup;
			children = (
				E5E885842620991F000F2D6E /* FavouriteAlbumViewCell.swift */,
				E5E885852620991F000F2D6E /* FavouriteAlbumViewCell.xib */,
				E5E885882620A685000F2D6E /* EmptyFieldCollectionViewCell.swift */,
				E5E885892620A685000F2D6E /* EmptyFieldCollectionViewCell.xib */,
			);
			path = cells;
			sourceTree = "<group>";
		};
		E5E8858C2620AAB6000F2D6E /* cells */ = {
			isa = PBXGroup;
			children = (
				E5E8858D2620AB78000F2D6E /* FavouriteArtistViewCell.swift */,
				E5E8858E2620AB78000F2D6E /* FavouriteArtistViewCell.xib */,
			);
			path = cells;
			sourceTree = "<group>";
		};
/* End PBXGroup section */

/* Begin PBXNativeTarget section */
		7555FF7A242A565900829871 /* iosApp */ = {
			isa = PBXNativeTarget;
			buildConfigurationList = 7555FFA5242A565B00829871 /* Build configuration list for PBXNativeTarget "iosApp" */;
			buildPhases = (
				7555FFB5242A651A00829871 /* ShellScript */,
				7555FF77242A565900829871 /* Sources */,
				7555FF78242A565900829871 /* Frameworks */,
				7555FF79242A565900829871 /* Resources */,
				7555FFB4242A642300829871 /* Embed Frameworks */,
			);
			buildRules = (
			);
			dependencies = (
			);
			name = iosApp;
			productName = iosApp;
			productReference = 7555FF7B242A565900829871 /* iosApp.app */;
			productType = "com.apple.product-type.application";
		};
/* End PBXNativeTarget section */

/* Begin PBXProject section */
		7555FF73242A565900829871 /* Project object */ = {
			isa = PBXProject;
			attributes = {
				LastSwiftUpdateCheck = 1130;
				LastUpgradeCheck = 1240;
				ORGANIZATIONNAME = orgName;
				TargetAttributes = {
					7555FF7A242A565900829871 = {
						CreatedOnToolsVersion = 11.3.1;
					};
				};
			};
			buildConfigurationList = 7555FF76242A565900829871 /* Build configuration list for PBXProject "iosApp" */;
			compatibilityVersion = "Xcode 9.3";
			developmentRegion = en;
			hasScannedForEncodings = 0;
			knownRegions = (
				en,
				Base,
			);
			mainGroup = 7555FF72242A565900829871;
			productRefGroup = 7555FF7C242A565900829871 /* Products */;
			projectDirPath = "";
			projectRoot = "";
			targets = (
				7555FF7A242A565900829871 /* iosApp */,
			);
		};
/* End PBXProject section */

/* Begin PBXResourcesBuildPhase section */
		7555FF79242A565900829871 /* Resources */ = {
			isa = PBXResourcesBuildPhase;
			buildActionMask = 2147483647;
			files = (
				E5E8858226206CE5000F2D6E /* FavouriteTrackViewCell.xib in Resources */,
				7555FF8B242A565B00829871 /* LaunchScreen.storyboard in Resources */,
				7555FF85242A565B00829871 /* Assets.xcassets in Resources */,
				E5E885902620AB78000F2D6E /* FavouriteArtistViewCell.xib in Resources */,
				E5E885872620991F000F2D6E /* FavouriteAlbumViewCell.xib in Resources */,
				E56C7F89261F379100E69720 /* ScrobbleTrackViewCell.xib in Resources */,
				E519C5B8261B0B4E00B06468 /* Main.storyboard in Resources */,
				E5E8858B2620A685000F2D6E /* EmptyFieldCollectionViewCell.xib in Resources */,
				E5E8857D26205AEF000F2D6E /* EmptyFieldViewCell.xib in Resources */,
			);
			runOnlyForDeploymentPostprocessing = 0;
		};
/* End PBXResourcesBuildPhase section */

/* Begin PBXShellScriptBuildPhase section */
		7555FFB5242A651A00829871 /* ShellScript */ = {
			isa = PBXShellScriptBuildPhase;
			buildActionMask = 2147483647;
			files = (
			);
			inputFileListPaths = (
			);
			inputPaths = (
			);
			outputFileListPaths = (
			);
			outputPaths = (
			);
			runOnlyForDeploymentPostprocessing = 0;
			shellPath = /bin/sh;
			shellScript = "cd \"$SRCROOT/..\"\n./gradlew :shared:packForXCode -PXCODE_CONFIGURATION=${CONFIGURATION}\n";
		};
/* End PBXShellScriptBuildPhase section */

/* Begin PBXSourcesBuildPhase section */
		7555FF77242A565900829871 /* Sources */ = {
			isa = PBXSourcesBuildPhase;
			buildActionMask = 2147483647;
			files = (
				E5E8857C26205AEF000F2D6E /* EmptyFieldViewCell.swift in Sources */,
				E519C5BC261B109100B06468 /* IosGeneralScreenNavigator.swift in Sources */,
				E5F9CF4126238F3A001BFD2A /* UITabBarDelegate.swift in Sources */,
				E5E8858F2620AB78000F2D6E /* FavouriteArtistViewCell.swift in Sources */,
				E5C6B03326242A1300483108 /* TimeStampHelper.swift in Sources */,
				E5F9CF43262396C7001BFD2A /* UIColorExtension.swift in Sources */,
				7555FF7F242A565900829871 /* AppDelegate.swift in Sources */,
				E5E8858A2620A685000F2D6E /* EmptyFieldCollectionViewCell.swift in Sources */,
				E5F9CF3D26236FE6001BFD2A /* MainTabBarViewController.swift in Sources */,
				E5E885862620991F000F2D6E /* FavouriteAlbumViewCell.swift in Sources */,
				E56C7F80261F2CFC00E69720 /* FavouriteAlbumsViewController.swift in Sources */,
				E56C7F88261F379100E69720 /* ScrobbleTrackViewCell.swift in Sources */,
				E56C7F7E261F2CE200E69720 /* FavouriteTracksViewController.swift in Sources */,
				E57EAA992626FBEB00FC56B7 /* BaseViewController.swift in Sources */,
				E5F9CF3F26238ED0001BFD2A /* UITabBarListener.swift in Sources */,
				E519C5C3261B155400B06468 /* AuthViewController.swift in Sources */,
				E56C7F82261F2D0F00E69720 /* FavouriteArtistsViewController.swift in Sources */,
				E519C5CD261B9F7700B06468 /* UIProgressViewExtension.swift in Sources */,
				E56C7F8B261F591600E69720 /* UIImageViewExtension.swift in Sources */,
				E519C5C5261B156200B06468 /* MainViewController.swift in Sources */,
				7555FF81242A565900829871 /* SceneDelegate.swift in Sources */,
				E5E8858126206CE5000F2D6E /* FavouriteTrackViewCell.swift in Sources */,
				E546B0092625C4D40050CF94 /* IosHtmlParser.swift in Sources */,
				E56C7F7C261F2CC300E69720 /* ProfileViewController.swift in Sources */,
				E56C7F84261F2D1C00E69720 /* ScrobblesViewController.swift in Sources */,
				E519C5C1261B119600B06468 /* SplashViewController.swift in Sources */,
			);
			runOnlyForDeploymentPostprocessing = 0;
		};
/* End PBXSourcesBuildPhase section */

/* Begin PBXVariantGroup section */
		7555FF89242A565B00829871 /* LaunchScreen.storyboard */ = {
			isa = PBXVariantGroup;
			children = (
				7555FF8A242A565B00829871 /* Base */,
			);
			name = LaunchScreen.storyboard;
			sourceTree = "<group>";
		};
/* End PBXVariantGroup section */

/* Begin XCBuildConfiguration section */
		7555FFA3242A565B00829871 /* Debug */ = {
			isa = XCBuildConfiguration;
			buildSettings = {
				ALWAYS_SEARCH_USER_PATHS = NO;
				CLANG_ANALYZER_NONNULL = YES;
				CLANG_ANALYZER_NUMBER_OBJECT_CONVERSION = YES_AGGRESSIVE;
				CLANG_CXX_LANGUAGE_STANDARD = "gnu++14";
				CLANG_CXX_LIBRARY = "libc++";
				CLANG_ENABLE_MODULES = YES;
				CLANG_ENABLE_OBJC_ARC = YES;
				CLANG_ENABLE_OBJC_WEAK = YES;
				CLANG_WARN_BLOCK_CAPTURE_AUTORELEASING = YES;
				CLANG_WARN_BOOL_CONVERSION = YES;
				CLANG_WARN_COMMA = YES;
				CLANG_WARN_CONSTANT_CONVERSION = YES;
				CLANG_WARN_DEPRECATED_OBJC_IMPLEMENTATIONS = YES;
				CLANG_WARN_DIRECT_OBJC_ISA_USAGE = YES_ERROR;
				CLANG_WARN_DOCUMENTATION_COMMENTS = YES;
				CLANG_WARN_EMPTY_BODY = YES;
				CLANG_WARN_ENUM_CONVERSION = YES;
				CLANG_WARN_INFINITE_RECURSION = YES;
				CLANG_WARN_INT_CONVERSION = YES;
				CLANG_WARN_NON_LITERAL_NULL_CONVERSION = YES;
				CLANG_WARN_OBJC_IMPLICIT_RETAIN_SELF = YES;
				CLANG_WARN_OBJC_LITERAL_CONVERSION = YES;
				CLANG_WARN_OBJC_ROOT_CLASS = YES_ERROR;
				CLANG_WARN_QUOTED_INCLUDE_IN_FRAMEWORK_HEADER = YES;
				CLANG_WARN_RANGE_LOOP_ANALYSIS = YES;
				CLANG_WARN_STRICT_PROTOTYPES = YES;
				CLANG_WARN_SUSPICIOUS_MOVE = YES;
				CLANG_WARN_UNGUARDED_AVAILABILITY = YES_AGGRESSIVE;
				CLANG_WARN_UNREACHABLE_CODE = YES;
				CLANG_WARN__DUPLICATE_METHOD_MATCH = YES;
				COPY_PHASE_STRIP = NO;
				DEBUG_INFORMATION_FORMAT = "dwarf-with-dsym";
				ENABLE_STRICT_OBJC_MSGSEND = YES;
				ENABLE_TESTABILITY = YES;
				GCC_C_LANGUAGE_STANDARD = gnu11;
				GCC_DYNAMIC_NO_PIC = NO;
				GCC_NO_COMMON_BLOCKS = YES;
				GCC_OPTIMIZATION_LEVEL = 0;
				GCC_PREPROCESSOR_DEFINITIONS = (
					"DEBUG=1",
					"$(inherited)",
				);
				GCC_WARN_64_TO_32_BIT_CONVERSION = YES;
				GCC_WARN_ABOUT_RETURN_TYPE = YES_ERROR;
				GCC_WARN_UNDECLARED_SELECTOR = YES;
				GCC_WARN_UNINITIALIZED_AUTOS = YES_AGGRESSIVE;
				GCC_WARN_UNUSED_FUNCTION = YES;
				GCC_WARN_UNUSED_VARIABLE = YES;
				IPHONEOS_DEPLOYMENT_TARGET = 13.2;
				MTL_ENABLE_DEBUG_INFO = INCLUDE_SOURCE;
				MTL_FAST_MATH = YES;
				ONLY_ACTIVE_ARCH = YES;
				SDKROOT = iphoneos;
				SWIFT_ACTIVE_COMPILATION_CONDITIONS = DEBUG;
				SWIFT_OPTIMIZATION_LEVEL = "-Onone";
			};
			name = Debug;
		};
		7555FFA4242A565B00829871 /* Release */ = {
			isa = XCBuildConfiguration;
			buildSettings = {
				ALWAYS_SEARCH_USER_PATHS = NO;
				CLANG_ANALYZER_NONNULL = YES;
				CLANG_ANALYZER_NUMBER_OBJECT_CONVERSION = YES_AGGRESSIVE;
				CLANG_CXX_LANGUAGE_STANDARD = "gnu++14";
				CLANG_CXX_LIBRARY = "libc++";
				CLANG_ENABLE_MODULES = YES;
				CLANG_ENABLE_OBJC_ARC = YES;
				CLANG_ENABLE_OBJC_WEAK = YES;
				CLANG_WARN_BLOCK_CAPTURE_AUTORELEASING = YES;
				CLANG_WARN_BOOL_CONVERSION = YES;
				CLANG_WARN_COMMA = YES;
				CLANG_WARN_CONSTANT_CONVERSION = YES;
				CLANG_WARN_DEPRECATED_OBJC_IMPLEMENTATIONS = YES;
				CLANG_WARN_DIRECT_OBJC_ISA_USAGE = YES_ERROR;
				CLANG_WARN_DOCUMENTATION_COMMENTS = YES;
				CLANG_WARN_EMPTY_BODY = YES;
				CLANG_WARN_ENUM_CONVERSION = YES;
				CLANG_WARN_INFINITE_RECURSION = YES;
				CLANG_WARN_INT_CONVERSION = YES;
				CLANG_WARN_NON_LITERAL_NULL_CONVERSION = YES;
				CLANG_WARN_OBJC_IMPLICIT_RETAIN_SELF = YES;
				CLANG_WARN_OBJC_LITERAL_CONVERSION = YES;
				CLANG_WARN_OBJC_ROOT_CLASS = YES_ERROR;
				CLANG_WARN_QUOTED_INCLUDE_IN_FRAMEWORK_HEADER = YES;
				CLANG_WARN_RANGE_LOOP_ANALYSIS = YES;
				CLANG_WARN_STRICT_PROTOTYPES = YES;
				CLANG_WARN_SUSPICIOUS_MOVE = YES;
				CLANG_WARN_UNGUARDED_AVAILABILITY = YES_AGGRESSIVE;
				CLANG_WARN_UNREACHABLE_CODE = YES;
				CLANG_WARN__DUPLICATE_METHOD_MATCH = YES;
				COPY_PHASE_STRIP = NO;
				DEBUG_INFORMATION_FORMAT = "dwarf-with-dsym";
				ENABLE_NS_ASSERTIONS = NO;
				ENABLE_STRICT_OBJC_MSGSEND = YES;
				GCC_C_LANGUAGE_STANDARD = gnu11;
				GCC_NO_COMMON_BLOCKS = YES;
				GCC_WARN_64_TO_32_BIT_CONVERSION = YES;
				GCC_WARN_ABOUT_RETURN_TYPE = YES_ERROR;
				GCC_WARN_UNDECLARED_SELECTOR = YES;
				GCC_WARN_UNINITIALIZED_AUTOS = YES_AGGRESSIVE;
				GCC_WARN_UNUSED_FUNCTION = YES;
				GCC_WARN_UNUSED_VARIABLE = YES;
				IPHONEOS_DEPLOYMENT_TARGET = 13.2;
				MTL_ENABLE_DEBUG_INFO = NO;
				MTL_FAST_MATH = YES;
				SDKROOT = iphoneos;
				SWIFT_COMPILATION_MODE = wholemodule;
				SWIFT_OPTIMIZATION_LEVEL = "-O";
				VALIDATE_PRODUCT = YES;
			};
			name = Release;
		};
		7555FFA6242A565B00829871 /* Debug */ = {
			isa = XCBuildConfiguration;
			buildSettings = {
				ASSETCATALOG_COMPILER_APPICON_NAME = AppIcon;
				CODE_SIGN_STYLE = Automatic;
				DEVELOPMENT_ASSET_PATHS = "\"iosApp/Preview Content\"";
				ENABLE_PREVIEWS = YES;
				FRAMEWORK_SEARCH_PATHS = "$(SRCROOT)/../shared/build/xcode-frameworks";
				INFOPLIST_FILE = iosApp/Info.plist;
				LD_RUNPATH_SEARCH_PATHS = (
					"$(inherited)",
					"@executable_path/Frameworks",
				);
				PRODUCT_BUNDLE_IDENTIFIER = orgIdentifier.iosApp;
				PRODUCT_NAME = "$(TARGET_NAME)";
				SWIFT_VERSION = 5.0;
				TARGETED_DEVICE_FAMILY = "1,2";
			};
			name = Debug;
		};
		7555FFA7242A565B00829871 /* Release */ = {
			isa = XCBuildConfiguration;
			buildSettings = {
				ASSETCATALOG_COMPILER_APPICON_NAME = AppIcon;
				CODE_SIGN_STYLE = Automatic;
				DEVELOPMENT_ASSET_PATHS = "\"iosApp/Preview Content\"";
				ENABLE_PREVIEWS = YES;
				FRAMEWORK_SEARCH_PATHS = "$(SRCROOT)/../shared/build/xcode-frameworks";
				INFOPLIST_FILE = iosApp/Info.plist;
				LD_RUNPATH_SEARCH_PATHS = (
					"$(inherited)",
					"@executable_path/Frameworks",
				);
				PRODUCT_BUNDLE_IDENTIFIER = orgIdentifier.iosApp;
				PRODUCT_NAME = "$(TARGET_NAME)";
				SWIFT_VERSION = 5.0;
				TARGETED_DEVICE_FAMILY = "1,2";
			};
			name = Release;
		};
/* End XCBuildConfiguration section */

/* Begin XCConfigurationList section */
		7555FF76242A565900829871 /* Build configuration list for PBXProject "iosApp" */ = {
			isa = XCConfigurationList;
			buildConfigurations = (
				7555FFA3242A565B00829871 /* Debug */,
				7555FFA4242A565B00829871 /* Release */,
			);
			defaultConfigurationIsVisible = 0;
			defaultConfigurationName = Release;
		};
		7555FFA5242A565B00829871 /* Build configuration list for PBXNativeTarget "iosApp" */ = {
			isa = XCConfigurationList;
			buildConfigurations = (
				7555FFA6242A565B00829871 /* Debug */,
				7555FFA7242A565B00829871 /* Release */,
			);
			defaultConfigurationIsVisible = 0;
			defaultConfigurationName = Release;
		};
/* End XCConfigurationList section */
	};
	rootObject = 7555FF73242A565900829871 /* Project object */;
}
